// !$*UTF8*$!
{
	archiveVersion = 1;
	classes = {
	};
	objectVersion = 56;
	objects = {

/* Begin PBXBuildFile section */
		EB6B390A2FAC24A0007E1972 /* arko_fitnesscoachApp.swift in Sources */ = {isa = PBXBuildFile; fileRef = EB6B39092FAC24A0007E1972 /* arko_fitnesscoachApp.swift */; };
		EB6B390C2FAC24A0007E1972 /* ContentView.swift in Sources */ = {isa = PBXBuildFile; fileRef = EB6B390B2FAC24A0007E1972 /* ContentView.swift */; };
		EB6B390E2FAC24A4007E1972 /* Assets.xcassets in Resources */ = {isa = PBXBuildFile; fileRef = EB6B390D2FAC24A4007E1972 /* Assets.xcassets */; };
		EB6B39112FAC24A4007E1972 /* Preview Assets.xcassets in Resources */ = {isa = PBXBuildFile; fileRef = EB6B39102FAC24A4007E1972 /* Preview Assets.xcassets */; };
		EB6B391B2FAC24A4007E1972 /* arko_fitnesscoachTests.swift in Sources */ = {isa = PBXBuildFile; fileRef = EB6B391A2FAC24A4007E1972 /* arko_fitnesscoachTests.swift */; };
		EB6B39252FAC24A4007E1972 /* arko_fitnesscoachUITests.swift in Sources */ = {isa = PBXBuildFile; fileRef = EB6B39242FAC24A4007E1972 /* arko_fitnesscoachUITests.swift */; };
		EB6B39272FAC24A4007E1972 /* arko_fitnesscoachUITestsLaunchTests.swift in Sources */ = {isa = PBXBuildFile; fileRef = EB6B39262FAC24A4007E1972 /* arko_fitnesscoachUITestsLaunchTests.swift */; };
		EB6B39372FAC3686007E1972 /* FormCheckView.swift in Sources */ = {isa = PBXBuildFile; fileRef = EB6B39332FAC3686007E1972 /* FormCheckView.swift */; };
		EB6B39382FAC3686007E1972 /* ProfileView.swift in Sources */ = {isa = PBXBuildFile; fileRef = EB6B39342FAC3686007E1972 /* ProfileView.swift */; };
		EB6B39392FAC3686007E1972 /* WorkoutsView.swift in Sources */ = {isa = PBXBuildFile; fileRef = EB6B39352FAC3686007E1972 /* WorkoutsView.swift */; };
		EB6B393A2FAC3686007E1972 /* HomeView.swift in Sources */ = {isa = PBXBuildFile; fileRef = EB6B39362FAC3686007E1972 /* HomeView.swift */; };
/* End PBXBuildFile section */

/* Begin PBXContainerItemProxy section */
		EB6B39172FAC24A4007E1972 /* PBXContainerItemProxy */ = {
			isa = PBXContainerItemProxy;
			containerPortal = EB6B38FE2FAC24A0007E1972 /* Project object */;
			proxyType = 1;
			remoteGlobalIDString = EB6B39052FAC24A0007E1972;
			remoteInfo = "arko-fitnesscoach";
		};
		EB6B39212FAC24A4007E1972 /* PBXContainerItemProxy */ = {
			isa = PBXContainerItemProxy;
			containerPortal = EB6B38FE2FAC24A0007E1972 /* Project object */;
			proxyType = 1;
			remoteGlobalIDString = EB6B39052FAC24A0007E1972;
			remoteInfo = "arko-fitnesscoach";
		};
/* End PBXContainerItemProxy section */

/* Begin PBXFileReference section */
		EB6B39062FAC24A0007E1972 /* arko-fitnesscoach.app */ = {isa = PBXFileReference; explicitFileType = wrapper.application; includeInIndex = 0; path = "arko-fitnesscoach.app"; sourceTree = BUILT_PRODUCTS_DIR; };
		EB6B39092FAC24A0007E1972 /* arko_fitnesscoachApp.swift */ = {isa = PBXFileReference; lastKnownFileType = sourcecode.swift; path = arko_fitnesscoachApp.swift; sourceTree = "<group>"; };
		EB6B390B2FAC24A0007E1972 /* ContentView.swift */ = {isa = PBXFileReference; lastKnownFileType = sourcecode.swift; path = ContentView.swift; sourceTree = "<group>"; };
		EB6B390D2FAC24A4007E1972 /* Assets.xcassets */ = {isa = PBXFileReference; lastKnownFileType = folder.assetcatalog; path = Assets.xcassets; sourceTree = "<group>"; };
		EB6B39102FAC24A4007E1972 /* Preview Assets.xcassets */ = {isa = PBXFileReference; lastKnownFileType = folder.assetcatalog; path = "Preview Assets.xcassets"; sourceTree = "<group>"; };
		EB6B39162FAC24A4007E1972 /* arko-fitnesscoachTests.xctest */ = {isa = PBXFileReference; explicitFileType = wrapper.cfbundle; includeInIndex = 0; path = "arko-fitnesscoachTests.xctest"; sourceTree = BUILT_PRODUCTS_DIR; };
		EB6B391A2FAC24A4007E1972 /* arko_fitnesscoachTests.swift */ = {isa = PBXFileReference; lastKnownFileType = sourcecode.swift; path = arko_fitnesscoachTests.swift; sourceTree = "<group>"; };
		EB6B39202FAC24A4007E1972 /* arko-fitnesscoachUITests.xctest */ = {isa = PBXFileReference; explicitFileType = wrapper.cfbundle; includeInIndex = 0; path = "arko-fitnesscoachUITests.xctest"; sourceTree = BUILT_PRODUCTS_DIR; };
		EB6B39242FAC24A4007E1972 /* arko_fitnesscoachUITests.swift */ = {isa = PBXFileReference; lastKnownFileType = sourcecode.swift; path = arko_fitnesscoachUITests.swift; sourceTree = "<group>"; };
		EB6B39262FAC24A4007E1972 /* arko_fitnesscoachUITestsLaunchTests.swift */ = {isa = PBXFileReference; lastKnownFileType = sourcecode.swift; path = arko_fitnesscoachUITestsLaunchTests.swift; sourceTree = "<group>"; };
		EB6B39332FAC3686007E1972 /* FormCheckView.swift */ = {isa = PBXFileReference; fileEncoding = 4; lastKnownFileType = sourcecode.swift; path = FormCheckView.swift; sourceTree = "<group>"; };
		EB6B39342FAC3686007E1972 /* ProfileView.swift */ = {isa = PBXFileReference; fileEncoding = 4; lastKnownFileType = sourcecode.swift; path = ProfileView.swift; sourceTree = "<group>"; };
		EB6B39352FAC3686007E1972 /* WorkoutsView.swift */ = {isa = PBXFileReference; fileEncoding = 4; lastKnownFileType = sourcecode.swift; path = WorkoutsView.swift; sourceTree = "<group>"; };
		EB6B39362FAC3686007E1972 /* HomeView.swift */ = {isa = PBXFileReference; fileEncoding = 4; lastKnownFileType = sourcecode.swift; path = HomeView.swift; sourceTree = "<group>"; };
/* End PBXFileReference section */

/* Begin PBXFrameworksBuildPhase section */
		EB6B39032FAC24A0007E1972 /* Frameworks */ = {
			isa = PBXFrameworksBuildPhase;
			buildActionMask = 2147483647;
			files = (
			);
			runOnlyForDeploymentPostprocessing = 0;
		};
		EB6B39132FAC24A4007E1972 /* Frameworks */ = {
			isa = PBXFrameworksBuildPhase;
			buildActionMask = 2147483647;
			files = (
			);
			runOnlyForDeploymentPostprocessing = 0;
		};
		EB6B391D2FAC24A4007E1972 /* Frameworks */ = {
			isa = PBXFrameworksBuildPhase;
			buildActionMask = 2147483647;
			files = (
			);
			runOnlyForDeploymentPostprocessing = 0;
		};
/* End PBXFrameworksBuildPhase section */

/* Begin PBXGroup section */
		EB6B38FD2FAC24A0007E1972 = {
			isa = PBXGroup;
			children = (
				EB6B39082FAC24A0007E1972 /* arko-fitnesscoach */,
				EB6B39192FAC24A4007E1972 /* arko-fitnesscoachTests */,
				EB6B39232FAC24A4007E1972 /* arko-fitnesscoachUITests */,
				EB6B39072FAC24A0007E1972 /* Products */,
			);
			sourceTree = "<group>";
		};
		EB6B39072FAC24A0007E1972 /* Products */ = {
			isa = PBXGroup;
			children = (
				EB6B39062FAC24A0007E1972 /* arko-fitnesscoach.app */,
				EB6B39162FAC24A4007E1972 /* arko-fitnesscoachTests.xctest */,
				EB6B39202FAC24A4007E1972 /* arko-fitnesscoachUITests.xctest */,
			);
			name = Products;
			sourceTree = "<group>";
		};
		EB6B39082FAC24A0007E1972 /* arko-fitnesscoach */ = {
			isa = PBXGroup;
			children = (
				EB6B39092FAC24A0007E1972 /* arko_fitnesscoachApp.swift */,
				EB6B390B2FAC24A0007E1972 /* ContentView.swift */,
				EB6B39332FAC3686007E1972 /* FormCheckView.swift */,
				EB6B39362FAC3686007E1972 /* HomeView.swift */,
				EB6B39342FAC3686007E1972 /* ProfileView.swift */,
				EB6B39352FAC3686007E1972 /* WorkoutsView.swift */,
				EB6B390D2FAC24A4007E1972 /* Assets.xcassets */,
				EB6B390F2FAC24A4007E1972 /* Preview Content */,
			);
			path = "arko-fitnesscoach";
			sourceTree = "<group>";
		};
		EB6B390F2FAC24A4007E1972 /* Preview Content */ = {
			isa = PBXGroup;
			children = (
				EB6B39102FAC24A4007E1972 /* Preview Assets.xcassets */,
			);
			path = "Preview Content";
			sourceTree = "<group>";
		};
		EB6B39192FAC24A4007E1972 /* arko-fitnesscoachTests */ = {
			isa = PBXGroup;
			children = (
				EB6B391A2FAC24A4007E1972 /* arko_fitnesscoachTests.swift */,
			);
			path = "arko-fitnesscoachTests";
			sourceTree = "<group>";
		};
		EB6B39232FAC24A4007E1972 /* arko-fitnesscoachUITests */ = {
			isa = PBXGroup;
			children = (
				EB6B39242FAC24A4007E1972 /* arko_fitnesscoachUITests.swift */,
				EB6B39262FAC24A4007E1972 /* arko_fitnesscoachUITestsLaunchTests.swift */,
			);
			path = "arko-fitnesscoachUITests";
			sourceTree = "<group>";
		};
/* End PBXGroup section */

/* Begin PBXNativeTarget section */
		EB6B39052FAC24A0007E1972 /* arko-fitnesscoach */ = {
			isa = PBXNativeTarget;
			buildConfigurationList = EB6B392A2FAC24A4007E1972 /* Build configuration list for PBXNativeTarget "arko-fitnesscoach" */;
			buildPhases = (
				EB6B39022FAC24A0007E1972 /* Sources */,
				EB6B39032FAC24A0007E1972 /* Frameworks */,
				EB6B39042FAC24A0007E1972 /* Resources */,
			);
			buildRules = (
			);
			dependencies = (
			);
			name = "arko-fitnesscoach";
			productName = "arko-fitnesscoach";
			productReference = EB6B39062FAC24A0007E1972 /* arko-fitnesscoach.app */;
			productType = "com.apple.product-type.application";
		};
		EB6B39152FAC24A4007E1972 /* arko-fitnesscoachTests */ = {
			isa = PBXNativeTarget;
			buildConfigurationList = EB6B392D2FAC24A4007E1972 /* Build configuration list for PBXNativeTarget "arko-fitnesscoachTests" */;
			buildPhases = (
				EB6B39122FAC24A4007E1972 /* Sources */,
				EB6B39132FAC24A4007E1972 /* Frameworks */,
				EB6B39142FAC24A4007E1972 /* Resources */,
			);
			buildRules = (
			);
			dependencies = (
				EB6B39182FAC24A4007E1972 /* PBXTargetDependency */,
			);
			name = "arko-fitnesscoachTests";
			productName = "arko-fitnesscoachTests";
			productReference = EB6B39162FAC24A4007E1972 /* arko-fitnesscoachTests.xctest */;
			productType = "com.apple.product-type.bundle.unit-test";
		};
		EB6B391F2FAC24A4007E1972 /* arko-fitnesscoachUITests */ = {
			isa = PBXNativeTarget;
			buildConfigurationList = EB6B39302FAC24A4007E1972 /* Build configuration list for PBXNativeTarget "arko-fitnesscoachUITests" */;
			buildPhases = (
				EB6B391C2FAC24A4007E1972 /* Sources */,
				EB6B391D2FAC24A4007E1972 /* Frameworks */,
				EB6B391E2FAC24A4007E1972 /* Resources */,
			);
			buildRules = (
			);
			dependencies = (
				EB6B39222FAC24A4007E1972 /* PBXTargetDependency */,
			);
			name = "arko-fitnesscoachUITests";
			productName = "arko-fitnesscoachUITests";
			productReference = EB6B39202FAC24A4007E1972 /* arko-fitnesscoachUITests.xctest */;
			productType = "com.apple.product-type.bundle.ui-testing";
		};
/* End PBXNativeTarget section */

/* Begin PBXProject section */
		EB6B38FE2FAC24A0007E1972 /* Project object */ = {
			isa = PBXProject;
			attributes = {
				BuildIndependentTargetsInParallel = 1;
				LastSwiftUpdateCheck = 1430;
				LastUpgradeCheck = 1430;
				TargetAttributes = {
					EB6B39052FAC24A0007E1972 = {
						CreatedOnToolsVersion = 14.3.1;
					};
					EB6B39152FAC24A4007E1972 = {
						CreatedOnToolsVersion = 14.3.1;
						TestTargetID = EB6B39052FAC24A0007E1972;
					};
					EB6B391F2FAC24A4007E1972 = {
						CreatedOnToolsVersion = 14.3.1;
						TestTargetID = EB6B39052FAC24A0007E1972;
					};
				};
			};
			buildConfigurationList = EB6B39012FAC24A0007E1972 /* Build configuration list for PBXProject "arko-fitnesscoach" */;
			compatibilityVersion = "Xcode 14.0";
			developmentRegion = en;
			hasScannedForEncodings = 0;
			knownRegions = (
				en,
				Base,
			);
			mainGroup = EB6B38FD2FAC24A0007E1972;
			productRefGroup = EB6B39072FAC24A0007E1972 /* Products */;
			projectDirPath = "";
			projectRoot = "";
			targets = (
				EB6B39052FAC24A0007E1972 /* arko-fitnesscoach */,
				EB6B39152FAC24A4007E1972 /* arko-fitnesscoachTests */,
				EB6B391F2FAC24A4007E1972 /* arko-fitnesscoachUITests */,
			);
		};
/* End PBXProject section */

/* Begin PBXResourcesBuildPhase section */
		EB6B39042FAC24A0007E1972 /* Resources */ = {
			isa = PBXResourcesBuildPhase;
			buildActionMask = 2147483647;
			files = (
				EB6B39112FAC24A4007E1972 /* Preview Assets.xcassets in Resources */,
				EB6B390E2FAC24A4007E1972 /* Assets.xcassets in Resources */,
			);
			runOnlyForDeploymentPostprocessing = 0;
		};
		EB6B39142FAC24A4007E1972 /* Resources */ = {
			isa = PBXResourcesBuildPhase;
			buildActionMask = 2147483647;
			files = (
			);
			runOnlyForDeploymentPostprocessing = 0;
		};
		EB6B391E2FAC24A4007E1972 /* Resources */ = {
			isa = PBXResourcesBuildPhase;
			buildActionMask = 2147483647;
			files = (
			);
			runOnlyForDeploymentPostprocessing = 0;
		};
/* End PBXResourcesBuildPhase section */

/* Begin PBXSourcesBuildPhase section */
		EB6B39022FAC24A0007E1972 /* Sources */ = {
			isa = PBXSourcesBuildPhase;
			buildActionMask = 2147483647;
			files = (
				EB6B39382FAC3686007E1972 /* ProfileView.swift in Sources */,
				EB6B39392FAC3686007E1972 /* WorkoutsView.swift in Sources */,
				EB6B390C2FAC24A0007E1972 /* ContentView.swift in Sources */,
				EB6B393A2FAC3686007E1972 /* HomeView.swift in Sources */,
				EB6B39372FAC3686007E1972 /* FormCheckView.swift in Sources */,
				EB6B390A2FAC24A0007E1972 /* arko_fitnesscoachApp.swift in Sources */,
			);
			runOnlyForDeploymentPostprocessing = 0;
		};
		EB6B39122FAC24A4007E1972 /* Sources */ = {
			isa = PBXSourcesBuildPhase;
			buildActionMask = 2147483647;
			files = (
				EB6B391B2FAC24A4007E1972 /* arko_fitnesscoachTests.swift in Sources */,
			);
			runOnlyForDeploymentPostprocessing = 0;
		};
		EB6B391C2FAC24A4007E1972 /* Sources */ = {
			isa = PBXSourcesBuildPhase;
			buildActionMask = 2147483647;
			files = (
				EB6B39252FAC24A4007E1972 /* arko_fitnesscoachUITests.swift in Sources */,
				EB6B39272FAC24A4007E1972 /* arko_fitnesscoachUITestsLaunchTests.swift in Sources */,
			);
			runOnlyForDeploymentPostprocessing = 0;
		};
/* End PBXSourcesBuildPhase section */

/* Begin PBXTargetDependency section */
		EB6B39182FAC24A4007E1972 /* PBXTargetDependency */ = {
			isa = PBXTargetDependency;
			target = EB6B39052FAC24A0007E1972 /* arko-fitnesscoach */;
			targetProxy = EB6B39172FAC24A4007E1972 /* PBXContainerItemProxy */;
		};
		EB6B39222FAC24A4007E1972 /* PBXTargetDependency */ = {
			isa = PBXTargetDependency;
			target = EB6B39052FAC24A0007E1972 /* arko-fitnesscoach */;
			targetProxy = EB6B39212FAC24A4007E1972 /* PBXContainerItemProxy */;
		};
/* End PBXTargetDependency section */

/* Begin XCBuildConfiguration section */
		EB6B39282FAC24A4007E1972 /* Debug */ = {
			isa = XCBuildConfiguration;
			buildSettings = {
				ALWAYS_SEARCH_USER_PATHS = NO;
				CLANG_ANALYZER_NONNULL = YES;
				CLANG_ANALYZER_NUMBER_OBJECT_CONVERSION = YES_AGGRESSIVE;
				CLANG_CXX_LANGUAGE_STANDARD = "gnu++20";
				CLANG_ENABLE_MODULES = YES;
				CLANG_ENABLE_OBJC_ARC = YES;
				CLANG_ENABLE_OBJC_WEAK = YES;
				CLANG_WARN_BLOCK_CAPTURE_AUTORELEASING = YES;
				CLANG_WARN_BOOL_CONVERSION = YES;
				CLANG_WARN_COMMA = YES;
				CLANG_WARN_CONSTANT_CONVERSION = YES;
				CLANG_WARN_DEPRECATED_OBJC_IMPLEMENTATIONS = YES;
				CLANG_WARN_DIRECT_OBJC_ISA_USAGE = YES_ERROR;
				CLANG_WARN_DOCUMENTATION_COMMENTS = YES;
				CLANG_WARN_EMPTY_BODY = YES;
				CLANG_WARN_ENUM_CONVERSION = YES;
				CLANG_WARN_INFINITE_RECURSION = YES;
				CLANG_WARN_INT_CONVERSION = YES;
				CLANG_WARN_NON_LITERAL_NULL_CONVERSION = YES;
				CLANG_WARN_OBJC_IMPLICIT_RETAIN_SELF = YES;
				CLANG_WARN_OBJC_LITERAL_CONVERSION = YES;
				CLANG_WARN_OBJC_ROOT_CLASS = YES_ERROR;
				CLANG_WARN_QUOTED_INCLUDE_IN_FRAMEWORK_HEADER = YES;
				CLANG_WARN_RANGE_LOOP_ANALYSIS = YES;
				CLANG_WARN_STRICT_PROTOTYPES = YES;
				CLANG_WARN_SUSPICIOUS_MOVE = YES;
				CLANG_WARN_UNGUARDED_AVAILABILITY = YES_AGGRESSIVE;
				CLANG_WARN_UNREACHABLE_CODE = YES;
				CLANG_WARN__DUPLICATE_METHOD_MATCH = YES;
				COPY_PHASE_STRIP = NO;
				DEBUG_INFORMATION_FORMAT = dwarf;
				ENABLE_STRICT_OBJC_MSGSEND = YES;
				ENABLE_TESTABILITY = YES;
				GCC_C_LANGUAGE_STANDARD = gnu11;
				GCC_DYNAMIC_NO_PIC = NO;
				GCC_NO_COMMON_BLOCKS = YES;
				GCC_OPTIMIZATION_LEVEL = 0;
				GCC_PREPROCESSOR_DEFINITIONS = (
					"DEBUG=1",
					"$(inherited)",
				);
				GCC_WARN_64_TO_32_BIT_CONVERSION = YES;
				GCC_WARN_ABOUT_RETURN_TYPE = YES_ERROR;
				GCC_WARN_UNDECLARED_SELECTOR = YES;
				GCC_WARN_UNINITIALIZED_AUTOS = YES_AGGRESSIVE;
				GCC_WARN_UNUSED_FUNCTION = YES;
				GCC_WARN_UNUSED_VARIABLE = YES;
				IPHONEOS_DEPLOYMENT_TARGET = 16.4;
				MTL_ENABLE_DEBUG_INFO = INCLUDE_SOURCE;
				MTL_FAST_MATH = YES;
				ONLY_ACTIVE_ARCH = YES;
				SDKROOT = iphoneos;
				SWIFT_ACTIVE_COMPILATION_CONDITIONS = DEBUG;
				SWIFT_OPTIMIZATION_LEVEL = "-Onone";
			};
			name = Debug;
		};
		EB6B39292FAC24A4007E1972 /* Release */ = {
			isa = XCBuildConfiguration;
			buildSettings = {
				ALWAYS_SEARCH_USER_PATHS = NO;
				CLANG_ANALYZER_NONNULL = YES;
				CLANG_ANALYZER_NUMBER_OBJECT_CONVERSION = YES_AGGRESSIVE;
				CLANG_CXX_LANGUAGE_STANDARD = "gnu++20";
				CLANG_ENABLE_MODULES = YES;
				CLANG_ENABLE_OBJC_ARC = YES;
				CLANG_ENABLE_OBJC_WEAK = YES;
				CLANG_WARN_BLOCK_CAPTURE_AUTORELEASING = YES;
				CLANG_WARN_BOOL_CONVERSION = YES;
				CLANG_WARN_COMMA = YES;
				CLANG_WARN_CONSTANT_CONVERSION = YES;
				CLANG_WARN_DEPRECATED_OBJC_IMPLEMENTATIONS = YES;
				CLANG_WARN_DIRECT_OBJC_ISA_USAGE = YES_ERROR;
				CLANG_WARN_DOCUMENTATION_COMMENTS = YES;
				CLANG_WARN_EMPTY_BODY = YES;
				CLANG_WARN_ENUM_CONVERSION = YES;
				CLANG_WARN_INFINITE_RECURSION = YES;
				CLANG_WARN_INT_CONVERSION = YES;
				CLANG_WARN_NON_LITERAL_NULL_CONVERSION = YES;
				CLANG_WARN_OBJC_IMPLICIT_RETAIN_SELF = YES;
				CLANG_WARN_OBJC_LITERAL_CONVERSION = YES;
				CLANG_WARN_OBJC_ROOT_CLASS = YES_ERROR;
				CLANG_WARN_QUOTED_INCLUDE_IN_FRAMEWORK_HEADER = YES;
				CLANG_WARN_RANGE_LOOP_ANALYSIS = YES;
				CLANG_WARN_STRICT_PROTOTYPES = YES;
				CLANG_WARN_SUSPICIOUS_MOVE = YES;
				CLANG_WARN_UNGUARDED_AVAILABILITY = YES_AGGRESSIVE;
				CLANG_WARN_UNREACHABLE_CODE = YES;
				CLANG_WARN__DUPLICATE_METHOD_MATCH = YES;
				COPY_PHASE_STRIP = NO;
				DEBUG_INFORMATION_FORMAT = "dwarf-with-dsym";
				ENABLE_NS_ASSERTIONS = NO;
				ENABLE_STRICT_OBJC_MSGSEND = YES;
				GCC_C_LANGUAGE_STANDARD = gnu11;
				GCC_NO_COMMON_BLOCKS = YES;
				GCC_WARN_64_TO_32_BIT_CONVERSION = YES;
				GCC_WARN_ABOUT_RETURN_TYPE = YES_ERROR;
				GCC_WARN_UNDECLARED_SELECTOR = YES;
				GCC_WARN_UNINITIALIZED_AUTOS = YES_AGGRESSIVE;
				GCC_WARN_UNUSED_FUNCTION = YES;
				GCC_WARN_UNUSED_VARIABLE = YES;
				IPHONEOS_DEPLOYMENT_TARGET = 16.4;
				MTL_ENABLE_DEBUG_INFO = NO;
				MTL_FAST_MATH = YES;
				SDKROOT = iphoneos;
				SWIFT_COMPILATION_MODE = wholemodule;
				SWIFT_OPTIMIZATION_LEVEL = "-O";
				VALIDATE_PRODUCT = YES;
			};
			name = Release;
		};
		EB6B392B2FAC24A4007E1972 /* Debug */ = {
			isa = XCBuildConfiguration;
			buildSettings = {
				ASSETCATALOG_COMPILER_APPICON_NAME = AppIcon;
				ASSETCATALOG_COMPILER_GLOBAL_ACCENT_COLOR_NAME = AccentColor;
				CODE_SIGN_STYLE = Automatic;
				CURRENT_PROJECT_VERSION = 1;
				DEVELOPMENT_ASSET_PATHS = "\"arko-fitnesscoach/Preview Content\"";
				ENABLE_PREVIEWS = YES;
				GENERATE_INFOPLIST_FILE = YES;
				INFOPLIST_KEY_UIApplicationSceneManifest_Generation = YES;
				INFOPLIST_KEY_UIApplicationSupportsIndirectInputEvents = YES;
				INFOPLIST_KEY_UILaunchScreen_Generation = YES;
				INFOPLIST_KEY_UISupportedInterfaceOrientations_iPad = "UIInterfaceOrientationPortrait UIInterfaceOrientationPortraitUpsideDown UIInterfaceOrientationLandscapeLeft UIInterfaceOrientationLandscapeRight";
				INFOPLIST_KEY_UISupportedInterfaceOrientations_iPhone = "UIInterfaceOrientationPortrait UIInterfaceOrientationLandscapeLeft UIInterfaceOrientationLandscapeRight";
				LD_RUNPATH_SEARCH_PATHS = (
					"$(inherited)",
					"@executable_path/Frameworks",
				);
				MARKETING_VERSION = 1.0;
				PRODUCT_BUNDLE_IDENTIFIER = "cn.edu.njxzc.arko-fitnesscoach";
				PRODUCT_NAME = "$(TARGET_NAME)";
				SWIFT_EMIT_LOC_STRINGS = YES;
				SWIFT_VERSION = 5.0;
				TARGETED_DEVICE_FAMILY = "1,2";
			};
			name = Debug;
		};
		EB6B392C2FAC24A4007E1972 /* Release */ = {
			isa = XCBuildConfiguration;
			buildSettings = {
				ASSETCATALOG_COMPILER_APPICON_NAME = AppIcon;
				ASSETCATALOG_COMPILER_GLOBAL_ACCENT_COLOR_NAME = AccentColor;
				CODE_SIGN_STYLE = Automatic;
				CURRENT_PROJECT_VERSION = 1;
				DEVELOPMENT_ASSET_PATHS = "\"arko-fitnesscoach/Preview Content\"";
				ENABLE_PREVIEWS = YES;
				GENERATE_INFOPLIST_FILE = YES;
				INFOPLIST_KEY_UIApplicationSceneManifest_Generation = YES;
				INFOPLIST_KEY_UIApplicationSupportsIndirectInputEvents = YES;
				INFOPLIST_KEY_UILaunchScreen_Generation = YES;
				INFOPLIST_KEY_UISupportedInterfaceOrientations_iPad = "UIInterfaceOrientationPortrait UIInterfaceOrientationPortraitUpsideDown UIInterfaceOrientationLandscapeLeft UIInterfaceOrientationLandscapeRight";
				INFOPLIST_KEY_UISupportedInterfaceOrientations_iPhone = "UIInterfaceOrientationPortrait UIInterfaceOrientationLandscapeLeft UIInterfaceOrientationLandscapeRight";
				LD_RUNPATH_SEARCH_PATHS = (
					"$(inherited)",
					"@executable_path/Frameworks",
				);
				MARKETING_VERSION = 1.0;
				PRODUCT_BUNDLE_IDENTIFIER = "cn.edu.njxzc.arko-fitnesscoach";
				PRODUCT_NAME = "$(TARGET_NAME)";
				SWIFT_EMIT_LOC_STRINGS = YES;
				SWIFT_VERSION = 5.0;
				TARGETED_DEVICE_FAMILY = "1,2";
			};
			name = Release;
		};
		EB6B392E2FAC24A4007E1972 /* Debug */ = {
			isa = XCBuildConfiguration;
			buildSettings = {
				ALWAYS_EMBED_SWIFT_STANDARD_LIBRARIES = YES;
				BUNDLE_LOADER = "$(TEST_HOST)";
				CODE_SIGN_STYLE = Automatic;
				CURRENT_PROJECT_VERSION = 1;
				GENERATE_INFOPLIST_FILE = YES;
				IPHONEOS_DEPLOYMENT_TARGET = 16.4;
				MARKETING_VERSION = 1.0;
				PRODUCT_BUNDLE_IDENTIFIER = "cn.edu.njxzc.arko-fitnesscoachTests";
				PRODUCT_NAME = "$(TARGET_NAME)";
				SWIFT_EMIT_LOC_STRINGS = NO;
				SWIFT_VERSION = 5.0;
				TARGETED_DEVICE_FAMILY = "1,2";
				TEST_HOST = "$(BUILT_PRODUCTS_DIR)/arko-fitnesscoach.app/$(BUNDLE_EXECUTABLE_FOLDER_PATH)/arko-fitnesscoach";
			};
			name = Debug;
		};
		EB6B392F2FAC24A4007E1972 /* Release */ = {
			isa = XCBuildConfiguration;
			buildSettings = {
				ALWAYS_EMBED_SWIFT_STANDARD_LIBRARIES = YES;
				BUNDLE_LOADER = "$(TEST_HOST)";
				CODE_SIGN_STYLE = Automatic;
				CURRENT_PROJECT_VERSION = 1;
				GENERATE_INFOPLIST_FILE = YES;
				IPHONEOS_DEPLOYMENT_TARGET = 16.4;
				MARKETING_VERSION = 1.0;
				PRODUCT_BUNDLE_IDENTIFIER = "cn.edu.njxzc.arko-fitnesscoachTests";
				PRODUCT_NAME = "$(TARGET_NAME)";
				SWIFT_EMIT_LOC_STRINGS = NO;
				SWIFT_VERSION = 5.0;
				TARGETED_DEVICE_FAMILY = "1,2";
				TEST_HOST = "$(BUILT_PRODUCTS_DIR)/arko-fitnesscoach.app/$(BUNDLE_EXECUTABLE_FOLDER_PATH)/arko-fitnesscoach";
			};
			name = Release;
		};
		EB6B39312FAC24A4007E1972 /* Debug */ = {
			isa = XCBuildConfiguration;
			buildSettings = {
				ALWAYS_EMBED_SWIFT_STANDARD_LIBRARIES = YES;
				CODE_SIGN_STYLE = Automatic;
				CURRENT_PROJECT_VERSION = 1;
				GENERATE_INFOPLIST_FILE = YES;
				MARKETING_VERSION = 1.0;
				PRODUCT_BUNDLE_IDENTIFIER = "cn.edu.njxzc.arko-fitnesscoachUITests";
				PRODUCT_NAME = "$(TARGET_NAME)";
				SWIFT_EMIT_LOC_STRINGS = NO;
				SWIFT_VERSION = 5.0;
				TARGETED_DEVICE_FAMILY = "1,2";
				TEST_TARGET_NAME = "arko-fitnesscoach";
			};
			name = Debug;
		};
		EB6B39322FAC24A4007E1972 /* Release */ = {
			isa = XCBuildConfiguration;
			buildSettings = {
				ALWAYS_EMBED_SWIFT_STANDARD_LIBRARIES = YES;
				CODE_SIGN_STYLE = Automatic;
				CURRENT_PROJECT_VERSION = 1;
				GENERATE_INFOPLIST_FILE = YES;
				MARKETING_VERSION = 1.0;
				PRODUCT_BUNDLE_IDENTIFIER = "cn.edu.njxzc.arko-fitnesscoachUITests";
				PRODUCT_NAME = "$(TARGET_NAME)";
				SWIFT_EMIT_LOC_STRINGS = NO;
				SWIFT_VERSION = 5.0;
				TARGETED_DEVICE_FAMILY = "1,2";
				TEST_TARGET_NAME = "arko-fitnesscoach";
			};
			name = Release;
		};
/* End XCBuildConfiguration section */

/* Begin XCConfigurationList section */
		EB6B39012FAC24A0007E1972 /* Build configuration list for PBXProject "arko-fitnesscoach" */ = {
			isa = XCConfigurationList;
			buildConfigurations = (
				EB6B39282FAC24A4007E1972 /* Debug */,
				EB6B39292FAC24A4007E1972 /* Release */,
			);
			defaultConfigurationIsVisible = 0;
			defaultConfigurationName = Release;
		};
		EB6B392A2FAC24A4007E1972 /* Build configuration list for PBXNativeTarget "arko-fitnesscoach" */ = {
			isa = XCConfigurationList;
			buildConfigurations = (
				EB6B392B2FAC24A4007E1972 /* Debug */,
				EB6B392C2FAC24A4007E1972 /* Release */,
			);
			defaultConfigurationIsVisible = 0;
			defaultConfigurationName = Release;
		};
		EB6B392D2FAC24A4007E1972 /* Build configuration list for PBXNativeTarget "arko-fitnesscoachTests" */ = {
			isa = XCConfigurationList;
			buildConfigurations = (
				EB6B392E2FAC24A4007E1972 /* Debug */,
				EB6B392F2FAC24A4007E1972 /* Release */,
			);
			defaultConfigurationIsVisible = 0;
			defaultConfigurationName = Release;
		};
		EB6B39302FAC24A4007E1972 /* Build configuration list for PBXNativeTarget "arko-fitnesscoachUITests" */ = {
			isa = XCConfigurationList;
			buildConfigurations = (
				EB6B39312FAC24A4007E1972 /* Debug */,
				EB6B39322FAC24A4007E1972 /* Release */,
			);
			defaultConfigurationIsVisible = 0;
			defaultConfigurationName = Release;
		};
/* End XCConfigurationList section */
	};
	rootObject = EB6B38FE2FAC24A0007E1972 /* Project object */;
}
